
Microsoft Visual Studio Solution File, Format Version 12.00
Project("{FAE04EC0-301F-11D3-BF4B-00C04F79EFBC}") = "DaaS.Presentation", "DaaS.Presentation\DaaS.Presentation.csproj", "{5136383A-5DAA-4193-BC02-C8D85F5AFC67}"
EndProject
Project("{FAE04EC0-301F-11D3-BF4B-00C04F79EFBC}") = "DaaS.DataLayer", "DaaS.DataLayer\DaaS.DataLayer.csproj", "{A9AAF72B-9077-4C07-B715-718CE41699A7}"
EndProject
Project("{FAE04EC0-301F-11D3-BF4B-00C04F79EFBC}") = "DaaS.Core", "DaaS.Core\DaaS.Core.csproj", "{8AB30155-59FF-4D03-9F54-65AC6DD8E5BD}"
EndProject
Project("{FAE04EC0-301F-11D3-BF4B-00C04F79EFBC}") = "DaaS.Logic", "DaaS.Logic\DaaS.Logic.csproj", "{02B0B6A1-7C95-47C1-989B-4744A1DC7DAC}"
EndProject
Global
	GlobalSection(SolutionConfigurationPlatforms) = preSolution
		Debug|Any CPU = Debug|Any CPU
		Release|Any CPU = Release|Any CPU
	EndGlobalSection
	GlobalSection(ProjectConfigurationPlatforms) = postSolution
		{5136383A-5DAA-4193-BC02-C8D85F5AFC67}.Debug|Any CPU.ActiveCfg = Debug|Any CPU
		{5136383A-5DAA-4193-BC02-C8D85F5AFC67}.Debug|Any CPU.Build.0 = Debug|Any CPU
		{5136383A-5DAA-4193-BC02-C8D85F5AFC67}.Release|Any CPU.ActiveCfg = Release|Any CPU
		{5136383A-5DAA-4193-BC02-C8D85F5AFC67}.Release|Any CPU.Build.0 = Release|Any CPU
		{A9AAF72B-9077-4C07-B715-718CE41699A7}.Debug|Any CPU.ActiveCfg = Debug|Any CPU
		{A9AAF72B-9077-4C07-B715-718CE41699A7}.Debug|Any CPU.Build.0 = Debug|Any CPU
		{A9AAF72B-9077-4C07-B715-718CE41699A7}.Release|Any CPU.ActiveCfg = Release|Any CPU
		{A9AAF72B-9077-4C07-B715-718CE41699A7}.Release|Any CPU.Build.0 = Release|Any CPU
		{8AB30155-59FF-4D03-9F54-65AC6DD8E5BD}.Debug|Any CPU.ActiveCfg = Debug|Any CPU
		{8AB30155-59FF-4D03-9F54-65AC6DD8E5BD}.Debug|Any CPU.Build.0 = Debug|Any CPU
		{8AB30155-59FF-4D03-9F54-65AC6DD8E5BD}.Release|Any CPU.ActiveCfg = Release|Any CPU
		{8AB30155-59FF-4D03-9F54-65AC6DD8E5BD}.Release|Any CPU.Build.0 = Release|Any CPU
		{02B0B6A1-7C95-47C1-989B-4744A1DC7DAC}.Debug|Any CPU.ActiveCfg = Debug|Any CPU
		{02B0B6A1-7C95-47C1-989B-4744A1DC7DAC}.Debug|Any CPU.Build.0 = Debug|Any CPU
		{02B0B6A1-7C95-47C1-989B-4744A1DC7DAC}.Release|Any CPU.ActiveCfg = Release|Any CPU
		{02B0B6A1-7C95-47C1-989B-4744A1DC7DAC}.Release|Any CPU.Build.0 = Release|Any CPU
	EndGlobalSection
EndGlobal
